
Microsoft Visual Studio Solution File, Format Version 12.00
# Visual Studio Version 17
VisualStudioVersion = 17.11.35111.106
MinimumVisualStudioVersion = 10.0.40219.1
Project("{FAE04EC0-301F-11D3-BF4B-00C04F79EFBC}") = "DiFFoZTweaks", "DiFFoZTweaks\DiFFoZTweaks.csproj", "{7FE2FB80-11EE-406A-823F-3A458834CE5E}"
EndProject
Global
	GlobalSection(SolutionConfigurationPlatforms) = preSolution
		Debug|Any CPU = Debug|Any CPU
		Release|Any CPU = Release|Any CPU
	EndGlobalSection
	GlobalSection(ProjectConfigurationPlatforms) = postSolution
		{7FE2FB80-11EE-406A-823F-3A458834CE5E}.Debug|Any CPU.ActiveCfg = Debug|Any CPU
		{7FE2FB80-11EE-406A-823F-3A458834CE5E}.Debug|Any CPU.Build.0 = Debug|Any CPU
		{7FE2FB80-11EE-406A-823F-3A458834CE5E}.Release|Any CPU.ActiveCfg = Release|Any CPU
		{7FE2FB80-11EE-406A-823F-3A458834CE5E}.Release|Any CPU.Build.0 = Release|Any CPU
	EndGlobalSection
	GlobalSection(SolutionProperties) = preSolution
		HideSolutionNode = FALSE
	EndGlobalSection
	GlobalSection(ExtensibilityGlobals) = postSolution
		SolutionGuid = {D3CE4ACD-3330-43BA-9D67-6445ADC6D835}
	EndGlobalSection
EndGlobal
